// !$*UTF8*$!
{
	archiveVersion = 1;
	classes = {
	};
	objectVersion = 46;
	objects = {

/* Begin PBXBuildFile section */
		3B0643E81BB5B5C500EA9001 /* OperationsTests.swift in Sources */ = {isa = PBXBuildFile; fileRef = 3B0643E71BB5B5C500EA9001 /* OperationsTests.swift */; settings = {ASSET_TAGS = (); }; };
		3B3870211BA20EFD0022CB6E /* VectorTrigonometric.swift in Sources */ = {isa = PBXBuildFile; fileRef = 3B3870201BA20EFD0022CB6E /* VectorTrigonometric.swift */; settings = {ASSET_TAGS = (); }; };
		3B3870231BA2108C0022CB6E /* FloatingTypeTrigonometricExtensions.swift in Sources */ = {isa = PBXBuildFile; fileRef = 3B3870221BA2108C0022CB6E /* FloatingTypeTrigonometricExtensions.swift */; settings = {ASSET_TAGS = (); }; };
		3B3870251BA212370022CB6E /* ArrayTrigonometricExtensions.swift in Sources */ = {isa = PBXBuildFile; fileRef = 3B3870241BA212370022CB6E /* ArrayTrigonometricExtensions.swift */; settings = {ASSET_TAGS = (); }; };
		3B3870271BA212EB0022CB6E /* VectorFFT.swift in Sources */ = {isa = PBXBuildFile; fileRef = 3B3870261BA212EB0022CB6E /* VectorFFT.swift */; settings = {ASSET_TAGS = (); }; };
		3B3870291BA213780022CB6E /* FloatingTypeFFTExtensions.swift in Sources */ = {isa = PBXBuildFile; fileRef = 3B3870281BA213780022CB6E /* FloatingTypeFFTExtensions.swift */; settings = {ASSET_TAGS = (); }; };
		3B38702B1BA215A10022CB6E /* ArrayFFTExtensions.swift in Sources */ = {isa = PBXBuildFile; fileRef = 3B38702A1BA215A10022CB6E /* ArrayFFTExtensions.swift */; settings = {ASSET_TAGS = (); }; };
		3B38702E1BA217890022CB6E /* VectorExponential.swift in Sources */ = {isa = PBXBuildFile; fileRef = 3B38702D1BA217890022CB6E /* VectorExponential.swift */; settings = {ASSET_TAGS = (); }; };
		3B3870301BA218BC0022CB6E /* FloatingTypeExponentialExtensions.swift in Sources */ = {isa = PBXBuildFile; fileRef = 3B38702F1BA218BC0022CB6E /* FloatingTypeExponentialExtensions.swift */; settings = {ASSET_TAGS = (); }; };
		3B3870321BA219BE0022CB6E /* ArrayExponentialExtensions.swift in Sources */ = {isa = PBXBuildFile; fileRef = 3B3870311BA219BE0022CB6E /* ArrayExponentialExtensions.swift */; settings = {ASSET_TAGS = (); }; };
		3B3F1F4F1BB1DCDD00AAE75F /* VectorOther.swift in Sources */ = {isa = PBXBuildFile; fileRef = 3B3F1F4E1BB1DCDD00AAE75F /* VectorOther.swift */; settings = {ASSET_TAGS = (); }; };
		3B3F1F511BB1DD7000AAE75F /* FloatingTypeOtherExtensions.swift in Sources */ = {isa = PBXBuildFile; fileRef = 3B3F1F501BB1DD7000AAE75F /* FloatingTypeOtherExtensions.swift */; settings = {ASSET_TAGS = (); }; };
		3B3F1F531BB1DEC000AAE75F /* ArrayOtherExtensions.swift in Sources */ = {isa = PBXBuildFile; fileRef = 3B3F1F521BB1DEC000AAE75F /* ArrayOtherExtensions.swift */; settings = {ASSET_TAGS = (); }; };
		3B3F1F561BB1E06F00AAE75F /* File.swift in Sources */ = {isa = PBXBuildFile; fileRef = 3B3F1F551BB1E06F00AAE75F /* File.swift */; settings = {ASSET_TAGS = (); }; };
		3B45C5801B9EBC4600E310DB /* ArrayArithmeticExtensions.swift in Sources */ = {isa = PBXBuildFile; fileRef = 3B45C57F1B9EBC4600E310DB /* ArrayArithmeticExtensions.swift */; settings = {ASSET_TAGS = (); }; };
		3B45C5821B9EBD2B00E310DB /* ArrayPowerExtensions.swift in Sources */ = {isa = PBXBuildFile; fileRef = 3B45C5811B9EBD2B00E310DB /* ArrayPowerExtensions.swift */; settings = {ASSET_TAGS = (); }; };
		3B45C5841B9F899500E310DB /* VectorAuxiliary.swift in Sources */ = {isa = PBXBuildFile; fileRef = 3B45C5831B9F899500E310DB /* VectorAuxiliary.swift */; settings = {ASSET_TAGS = (); }; };
		3B45C5861B9FA3E400E310DB /* FloatingTypeAuxiliaryExtensions.swift in Sources */ = {isa = PBXBuildFile; fileRef = 3B45C5851B9FA3E400E310DB /* FloatingTypeAuxiliaryExtensions.swift */; settings = {ASSET_TAGS = (); }; };
		3B45C5881B9FA82D00E310DB /* ArrayAuxiliaryExtensions.swift in Sources */ = {isa = PBXBuildFile; fileRef = 3B45C5871B9FA82D00E310DB /* ArrayAuxiliaryExtensions.swift */; settings = {ASSET_TAGS = (); }; };
		3B45C58A1B9FC64800E310DB /* VectorOperations.swift in Sources */ = {isa = PBXBuildFile; fileRef = 3B45C5891B9FC64800E310DB /* VectorOperations.swift */; settings = {ASSET_TAGS = (); }; };
		3B45C58C1B9FC7B100E310DB /* FloatingTypeOperationsExtensions.swift in Sources */ = {isa = PBXBuildFile; fileRef = 3B45C58B1B9FC7B100E310DB /* FloatingTypeOperationsExtensions.swift */; settings = {ASSET_TAGS = (); }; };
		3B45C58E1B9FCBA300E310DB /* ArrayOperationsExtensions.swift in Sources */ = {isa = PBXBuildFile; fileRef = 3B45C58D1B9FCBA300E310DB /* ArrayOperationsExtensions.swift */; settings = {ASSET_TAGS = (); }; };
		3B5F90F01BA208F30081EDE5 /* ArrayStatisticsExtensions.swift in Sources */ = {isa = PBXBuildFile; fileRef = 3B5F90EF1BA208F30081EDE5 /* ArrayStatisticsExtensions.swift */; settings = {ASSET_TAGS = (); }; };
		3B851F8A1BB4FC5D0012A5D1 /* PowerTests.swift in Sources */ = {isa = PBXBuildFile; fileRef = 3B851F891BB4FC5D0012A5D1 /* PowerTests.swift */; settings = {ASSET_TAGS = (); }; };
		3B8C573B1B9D101200361AF9 /* VectorArithmetic.swift in Sources */ = {isa = PBXBuildFile; fileRef = 3B8C573A1B9D101200361AF9 /* VectorArithmetic.swift */; settings = {ASSET_TAGS = (); }; };
		3B8C573D1B9E575200361AF9 /* FloatingTypeArithmeticExtensions.swift in Sources */ = {isa = PBXBuildFile; fileRef = 3B8C573C1B9E575200361AF9 /* FloatingTypeArithmeticExtensions.swift */; settings = {ASSET_TAGS = (); }; };
		3B8C573F1B9E5EED00361AF9 /* VectorPower.swift in Sources */ = {isa = PBXBuildFile; fileRef = 3B8C573E1B9E5EED00361AF9 /* VectorPower.swift */; settings = {ASSET_TAGS = (); }; };
		3B8C57411B9E5F6000361AF9 /* FloatingTypePowerExtensions.swift in Sources */ = {isa = PBXBuildFile; fileRef = 3B8C57401B9E5F6000361AF9 /* FloatingTypePowerExtensions.swift */; settings = {ASSET_TAGS = (); }; };
		3B8C57431B9E9C7300361AF9 /* VectorStatistics.swift in Sources */ = {isa = PBXBuildFile; fileRef = 3B8C57421B9E9C7300361AF9 /* VectorStatistics.swift */; settings = {ASSET_TAGS = (); }; };
		3B8C57451B9E9F1D00361AF9 /* FloatingTypeStatisticsExtensions.swift in Sources */ = {isa = PBXBuildFile; fileRef = 3B8C57441B9E9F1D00361AF9 /* FloatingTypeStatisticsExtensions.swift */; settings = {ASSET_TAGS = (); }; };
		3B8D21701BA235BE00CE9D1A /* VectorHyperbolic.swift in Sources */ = {isa = PBXBuildFile; fileRef = 3B8D216F1BA235BE00CE9D1A /* VectorHyperbolic.swift */; settings = {ASSET_TAGS = (); }; };
		3B8D21721BA236C600CE9D1A /* FloatingTypeHyperbolicExtensions.swift in Sources */ = {isa = PBXBuildFile; fileRef = 3B8D21711BA236C600CE9D1A /* FloatingTypeHyperbolicExtensions.swift */; settings = {ASSET_TAGS = (); }; };
		3B8D21741BA2379400CE9D1A /* ArrayHyperbolicExtensions.swift in Sources */ = {isa = PBXBuildFile; fileRef = 3B8D21731BA2379400CE9D1A /* ArrayHyperbolicExtensions.swift */; settings = {ASSET_TAGS = (); }; };
		3BC02D931BB5C3E600815D52 /* OtherTests.swift in Sources */ = {isa = PBXBuildFile; fileRef = 3BC02D921BB5C3E600815D52 /* OtherTests.swift */; settings = {ASSET_TAGS = (); }; };
		3BC464701BB4DE3C004A2E81 /* FloatingTypeTestExtensions.swift in Sources */ = {isa = PBXBuildFile; fileRef = 3BC4646E1BB4DE11004A2E81 /* FloatingTypeTestExtensions.swift */; settings = {ASSET_TAGS = (); }; };
		3BC464741BB4DEA8004A2E81 /* SingleOperandTest.swift in Sources */ = {isa = PBXBuildFile; fileRef = 3BC464731BB4DEA8004A2E81 /* SingleOperandTest.swift */; settings = {ASSET_TAGS = (); }; };
		3BC464761BB4DED2004A2E81 /* DoubleOperandTest.swift in Sources */ = {isa = PBXBuildFile; fileRef = 3BC464751BB4DED2004A2E81 /* DoubleOperandTest.swift */; settings = {ASSET_TAGS = (); }; };
		3BC464781BB4DF78004A2E81 /* RandomDataTest.swift in Sources */ = {isa = PBXBuildFile; fileRef = 3BC464771BB4DF78004A2E81 /* RandomDataTest.swift */; settings = {ASSET_TAGS = (); }; };
		3BC4647A1BB4E0B6004A2E81 /* ReductionTest.swift in Sources */ = {isa = PBXBuildFile; fileRef = 3BC464791BB4E0B6004A2E81 /* ReductionTest.swift */; settings = {ASSET_TAGS = (); }; };
		3BC4647C1BB4E8D5004A2E81 /* StatisticsTests.swift in Sources */ = {isa = PBXBuildFile; fileRef = 3BC4647B1BB4E8D5004A2E81 /* StatisticsTests.swift */; settings = {ASSET_TAGS = (); }; };
		E65C5BE419FF9CF600149FF1 /* Matrix.swift in Sources */ = {isa = PBXBuildFile; fileRef = E65C5BE319FF9CF600149FF1 /* Matrix.swift */; };
		F8A1E1CB19917B0A009735E2 /* Arithmetic.swift in Sources */ = {isa = PBXBuildFile; fileRef = F8A1E1C419917B0A009735E2 /* Arithmetic.swift */; };
		F8A1E1CC19917B0A009735E2 /* Auxiliary.swift in Sources */ = {isa = PBXBuildFile; fileRef = F8A1E1C519917B0A009735E2 /* Auxiliary.swift */; };
		F8A1E1CD19917B0A009735E2 /* Exponential.swift in Sources */ = {isa = PBXBuildFile; fileRef = F8A1E1C619917B0A009735E2 /* Exponential.swift */; };
		F8A1E1CE19917B0A009735E2 /* Hyperbolic.swift in Sources */ = {isa = PBXBuildFile; fileRef = F8A1E1C719917B0A009735E2 /* Hyperbolic.swift */; };
		F8A1E1CF19917B0A009735E2 /* Power.swift in Sources */ = {isa = PBXBuildFile; fileRef = F8A1E1C819917B0A009735E2 /* Power.swift */; };
		F8A1E1D019917B0A009735E2 /* Surge.h in Headers */ = {isa = PBXBuildFile; fileRef = F8A1E1C919917B0A009735E2 /* Surge.h */; settings = {ATTRIBUTES = (Public, ); }; };
		F8A1E1D119917B0A009735E2 /* Trigonometric.swift in Sources */ = {isa = PBXBuildFile; fileRef = F8A1E1CA19917B0A009735E2 /* Trigonometric.swift */; };
		F8A1E1D519917C25009735E2 /* Accelerate.framework in Frameworks */ = {isa = PBXBuildFile; fileRef = F8A1E1D219917C0B009735E2 /* Accelerate.framework */; };
		F8A1E1D719917C2B009735E2 /* Foundation.framework in Frameworks */ = {isa = PBXBuildFile; fileRef = F8A1E1D619917C2B009735E2 /* Foundation.framework */; };
		F8AE90FE19D1D9120078C7B2 /* FFT.swift in Sources */ = {isa = PBXBuildFile; fileRef = F8AE90FD19D1D9120078C7B2 /* FFT.swift */; };
		F8BD5C591A6C1C6500DD357E /* ArithmeticTests.swift in Sources */ = {isa = PBXBuildFile; fileRef = F8BD5C531A6C1C6500DD357E /* ArithmeticTests.swift */; };
		F8BD5C5A1A6C1C6500DD357E /* AuxiliaryTests.swift in Sources */ = {isa = PBXBuildFile; fileRef = F8BD5C541A6C1C6500DD357E /* AuxiliaryTests.swift */; };
		F8BD5C5B1A6C1C6500DD357E /* ExponentialTests.swift in Sources */ = {isa = PBXBuildFile; fileRef = F8BD5C551A6C1C6500DD357E /* ExponentialTests.swift */; };
		F8BD5C5C1A6C1C6500DD357E /* HyperbolicTests.swift in Sources */ = {isa = PBXBuildFile; fileRef = F8BD5C561A6C1C6500DD357E /* HyperbolicTests.swift */; };
		F8BD5C5D1A6C1C6500DD357E /* TrigonometricTests.swift in Sources */ = {isa = PBXBuildFile; fileRef = F8BD5C571A6C1C6500DD357E /* TrigonometricTests.swift */; };
		F8BD5C5E1A6C1C6500DD357E /* XCTestCase+Surge.swift in Sources */ = {isa = PBXBuildFile; fileRef = F8BD5C581A6C1C6500DD357E /* XCTestCase+Surge.swift */; };
/* End PBXBuildFile section */

/* Begin PBXContainerItemProxy section */
		F84A6AB719A9A771007B53E1 /* PBXContainerItemProxy */ = {
			isa = PBXContainerItemProxy;
			containerPortal = F8A1E1A119917A79009735E2 /* Project object */;
			proxyType = 1;
			remoteGlobalIDString = F8A1E1A919917A79009735E2;
			remoteInfo = Surge;
		};
/* End PBXContainerItemProxy section */

/* Begin PBXFileReference section */
		3B0643E71BB5B5C500EA9001 /* OperationsTests.swift */ = {isa = PBXFileReference; fileEncoding = 4; lastKnownFileType = sourcecode.swift; path = OperationsTests.swift; sourceTree = "<group>"; };
		3B3870201BA20EFD0022CB6E /* VectorTrigonometric.swift */ = {isa = PBXFileReference; fileEncoding = 4; lastKnownFileType = sourcecode.swift; path = VectorTrigonometric.swift; sourceTree = "<group>"; };
		3B3870221BA2108C0022CB6E /* FloatingTypeTrigonometricExtensions.swift */ = {isa = PBXFileReference; fileEncoding = 4; lastKnownFileType = sourcecode.swift; path = FloatingTypeTrigonometricExtensions.swift; sourceTree = "<group>"; };
		3B3870241BA212370022CB6E /* ArrayTrigonometricExtensions.swift */ = {isa = PBXFileReference; fileEncoding = 4; lastKnownFileType = sourcecode.swift; path = ArrayTrigonometricExtensions.swift; sourceTree = "<group>"; };
		3B3870261BA212EB0022CB6E /* VectorFFT.swift */ = {isa = PBXFileReference; fileEncoding = 4; lastKnownFileType = sourcecode.swift; path = VectorFFT.swift; sourceTree = "<group>"; };
		3B3870281BA213780022CB6E /* FloatingTypeFFTExtensions.swift */ = {isa = PBXFileReference; fileEncoding = 4; lastKnownFileType = sourcecode.swift; path = FloatingTypeFFTExtensions.swift; sourceTree = "<group>"; };
		3B38702A1BA215A10022CB6E /* ArrayFFTExtensions.swift */ = {isa = PBXFileReference; fileEncoding = 4; lastKnownFileType = sourcecode.swift; path = ArrayFFTExtensions.swift; sourceTree = "<group>"; };
		3B38702D1BA217890022CB6E /* VectorExponential.swift */ = {isa = PBXFileReference; fileEncoding = 4; lastKnownFileType = sourcecode.swift; path = VectorExponential.swift; sourceTree = "<group>"; };
		3B38702F1BA218BC0022CB6E /* FloatingTypeExponentialExtensions.swift */ = {isa = PBXFileReference; fileEncoding = 4; lastKnownFileType = sourcecode.swift; path = FloatingTypeExponentialExtensions.swift; sourceTree = "<group>"; };
		3B3870311BA219BE0022CB6E /* ArrayExponentialExtensions.swift */ = {isa = PBXFileReference; fileEncoding = 4; lastKnownFileType = sourcecode.swift; path = ArrayExponentialExtensions.swift; sourceTree = "<group>"; };
		3B3F1F4E1BB1DCDD00AAE75F /* VectorOther.swift */ = {isa = PBXFileReference; fileEncoding = 4; lastKnownFileType = sourcecode.swift; path = VectorOther.swift; sourceTree = "<group>"; };
		3B3F1F501BB1DD7000AAE75F /* FloatingTypeOtherExtensions.swift */ = {isa = PBXFileReference; fileEncoding = 4; lastKnownFileType = sourcecode.swift; path = FloatingTypeOtherExtensions.swift; sourceTree = "<group>"; };
		3B3F1F521BB1DEC000AAE75F /* ArrayOtherExtensions.swift */ = {isa = PBXFileReference; fileEncoding = 4; lastKnownFileType = sourcecode.swift; path = ArrayOtherExtensions.swift; sourceTree = "<group>"; };
		3B3F1F551BB1E06F00AAE75F /* File.swift */ = {isa = PBXFileReference; fileEncoding = 4; lastKnownFileType = sourcecode.swift; lineEnding = 0; path = File.swift; sourceTree = "<group>"; xcLanguageSpecificationIdentifier = xcode.lang.swift; };
		3B45C57F1B9EBC4600E310DB /* ArrayArithmeticExtensions.swift */ = {isa = PBXFileReference; fileEncoding = 4; lastKnownFileType = sourcecode.swift; path = ArrayArithmeticExtensions.swift; sourceTree = "<group>"; };
		3B45C5811B9EBD2B00E310DB /* ArrayPowerExtensions.swift */ = {isa = PBXFileReference; fileEncoding = 4; lastKnownFileType = sourcecode.swift; lineEnding = 0; path = ArrayPowerExtensions.swift; sourceTree = "<group>"; xcLanguageSpecificationIdentifier = xcode.lang.swift; };
		3B45C5831B9F899500E310DB /* VectorAuxiliary.swift */ = {isa = PBXFileReference; fileEncoding = 4; lastKnownFileType = sourcecode.swift; path = VectorAuxiliary.swift; sourceTree = "<group>"; };
		3B45C5851B9FA3E400E310DB /* FloatingTypeAuxiliaryExtensions.swift */ = {isa = PBXFileReference; fileEncoding = 4; lastKnownFileType = sourcecode.swift; path = FloatingTypeAuxiliaryExtensions.swift; sourceTree = "<group>"; };
		3B45C5871B9FA82D00E310DB /* ArrayAuxiliaryExtensions.swift */ = {isa = PBXFileReference; fileEncoding = 4; lastKnownFileType = sourcecode.swift; path = ArrayAuxiliaryExtensions.swift; sourceTree = "<group>"; };
		3B45C5891B9FC64800E310DB /* VectorOperations.swift */ = {isa = PBXFileReference; fileEncoding = 4; lastKnownFileType = sourcecode.swift; path = VectorOperations.swift; sourceTree = "<group>"; };
		3B45C58B1B9FC7B100E310DB /* FloatingTypeOperationsExtensions.swift */ = {isa = PBXFileReference; fileEncoding = 4; lastKnownFileType = sourcecode.swift; lineEnding = 0; path = FloatingTypeOperationsExtensions.swift; sourceTree = "<group>"; xcLanguageSpecificationIdentifier = xcode.lang.swift; };
		3B45C58D1B9FCBA300E310DB /* ArrayOperationsExtensions.swift */ = {isa = PBXFileReference; fileEncoding = 4; lastKnownFileType = sourcecode.swift; path = ArrayOperationsExtensions.swift; sourceTree = "<group>"; };
		3B5F90EF1BA208F30081EDE5 /* ArrayStatisticsExtensions.swift */ = {isa = PBXFileReference; fileEncoding = 4; lastKnownFileType = sourcecode.swift; path = ArrayStatisticsExtensions.swift; sourceTree = "<group>"; };
		3B851F891BB4FC5D0012A5D1 /* PowerTests.swift */ = {isa = PBXFileReference; fileEncoding = 4; lastKnownFileType = sourcecode.swift; path = PowerTests.swift; sourceTree = "<group>"; };
		3B8C573A1B9D101200361AF9 /* VectorArithmetic.swift */ = {isa = PBXFileReference; fileEncoding = 4; lastKnownFileType = sourcecode.swift; path = VectorArithmetic.swift; sourceTree = "<group>"; };
		3B8C573C1B9E575200361AF9 /* FloatingTypeArithmeticExtensions.swift */ = {isa = PBXFileReference; fileEncoding = 4; lastKnownFileType = sourcecode.swift; lineEnding = 0; path = FloatingTypeArithmeticExtensions.swift; sourceTree = "<group>"; xcLanguageSpecificationIdentifier = xcode.lang.swift; };
		3B8C573E1B9E5EED00361AF9 /* VectorPower.swift */ = {isa = PBXFileReference; fileEncoding = 4; lastKnownFileType = sourcecode.swift; lineEnding = 0; path = VectorPower.swift; sourceTree = "<group>"; xcLanguageSpecificationIdentifier = xcode.lang.swift; };
		3B8C57401B9E5F6000361AF9 /* FloatingTypePowerExtensions.swift */ = {isa = PBXFileReference; fileEncoding = 4; lastKnownFileType = sourcecode.swift; lineEnding = 0; path = FloatingTypePowerExtensions.swift; sourceTree = "<group>"; xcLanguageSpecificationIdentifier = xcode.lang.swift; };
		3B8C57421B9E9C7300361AF9 /* VectorStatistics.swift */ = {isa = PBXFileReference; fileEncoding = 4; lastKnownFileType = sourcecode.swift; path = VectorStatistics.swift; sourceTree = "<group>"; };
		3B8C57441B9E9F1D00361AF9 /* FloatingTypeStatisticsExtensions.swift */ = {isa = PBXFileReference; fileEncoding = 4; lastKnownFileType = sourcecode.swift; path = FloatingTypeStatisticsExtensions.swift; sourceTree = "<group>"; };
		3B8D216F1BA235BE00CE9D1A /* VectorHyperbolic.swift */ = {isa = PBXFileReference; fileEncoding = 4; lastKnownFileType = sourcecode.swift; path = VectorHyperbolic.swift; sourceTree = "<group>"; };
		3B8D21711BA236C600CE9D1A /* FloatingTypeHyperbolicExtensions.swift */ = {isa = PBXFileReference; fileEncoding = 4; lastKnownFileType = sourcecode.swift; path = FloatingTypeHyperbolicExtensions.swift; sourceTree = "<group>"; };
		3B8D21731BA2379400CE9D1A /* ArrayHyperbolicExtensions.swift */ = {isa = PBXFileReference; fileEncoding = 4; lastKnownFileType = sourcecode.swift; path = ArrayHyperbolicExtensions.swift; sourceTree = "<group>"; };
		3BC02D921BB5C3E600815D52 /* OtherTests.swift */ = {isa = PBXFileReference; fileEncoding = 4; lastKnownFileType = sourcecode.swift; path = OtherTests.swift; sourceTree = "<group>"; };
		3BC4646E1BB4DE11004A2E81 /* FloatingTypeTestExtensions.swift */ = {isa = PBXFileReference; fileEncoding = 4; lastKnownFileType = sourcecode.swift; path = FloatingTypeTestExtensions.swift; sourceTree = "<group>"; };
		3BC464731BB4DEA8004A2E81 /* SingleOperandTest.swift */ = {isa = PBXFileReference; fileEncoding = 4; lastKnownFileType = sourcecode.swift; path = SingleOperandTest.swift; sourceTree = "<group>"; };
		3BC464751BB4DED2004A2E81 /* DoubleOperandTest.swift */ = {isa = PBXFileReference; fileEncoding = 4; lastKnownFileType = sourcecode.swift; path = DoubleOperandTest.swift; sourceTree = "<group>"; };
		3BC464771BB4DF78004A2E81 /* RandomDataTest.swift */ = {isa = PBXFileReference; fileEncoding = 4; lastKnownFileType = sourcecode.swift; path = RandomDataTest.swift; sourceTree = "<group>"; };
		3BC464791BB4E0B6004A2E81 /* ReductionTest.swift */ = {isa = PBXFileReference; fileEncoding = 4; lastKnownFileType = sourcecode.swift; path = ReductionTest.swift; sourceTree = "<group>"; };
		3BC4647B1BB4E8D5004A2E81 /* StatisticsTests.swift */ = {isa = PBXFileReference; fileEncoding = 4; lastKnownFileType = sourcecode.swift; path = StatisticsTests.swift; sourceTree = "<group>"; };
		E65C5BE319FF9CF600149FF1 /* Matrix.swift */ = {isa = PBXFileReference; fileEncoding = 4; lastKnownFileType = sourcecode.swift; path = Matrix.swift; sourceTree = "<group>"; };
		F84A6AAE19A9A72F007B53E1 /* SurgeTests.xctest */ = {isa = PBXFileReference; explicitFileType = wrapper.cfbundle; includeInIndex = 0; path = SurgeTests.xctest; sourceTree = BUILT_PRODUCTS_DIR; };
		F84A6AB119A9A72F007B53E1 /* Info.plist */ = {isa = PBXFileReference; lastKnownFileType = text.plist.xml; path = Info.plist; sourceTree = "<group>"; };
		F8A1E1AA19917A79009735E2 /* Surge.framework */ = {isa = PBXFileReference; explicitFileType = wrapper.framework; includeInIndex = 0; path = Surge.framework; sourceTree = BUILT_PRODUCTS_DIR; };
		F8A1E1AE19917A79009735E2 /* Info.plist */ = {isa = PBXFileReference; lastKnownFileType = text.plist.xml; path = Info.plist; sourceTree = "<group>"; };
		F8A1E1C419917B0A009735E2 /* Arithmetic.swift */ = {isa = PBXFileReference; fileEncoding = 4; lastKnownFileType = sourcecode.swift; lineEnding = 0; path = Arithmetic.swift; sourceTree = "<group>"; xcLanguageSpecificationIdentifier = xcode.lang.swift; };
		F8A1E1C519917B0A009735E2 /* Auxiliary.swift */ = {isa = PBXFileReference; fileEncoding = 4; lastKnownFileType = sourcecode.swift; path = Auxiliary.swift; sourceTree = "<group>"; };
		F8A1E1C619917B0A009735E2 /* Exponential.swift */ = {isa = PBXFileReference; fileEncoding = 4; lastKnownFileType = sourcecode.swift; path = Exponential.swift; sourceTree = "<group>"; };
		F8A1E1C719917B0A009735E2 /* Hyperbolic.swift */ = {isa = PBXFileReference; fileEncoding = 4; lastKnownFileType = sourcecode.swift; path = Hyperbolic.swift; sourceTree = "<group>"; };
		F8A1E1C819917B0A009735E2 /* Power.swift */ = {isa = PBXFileReference; fileEncoding = 4; lastKnownFileType = sourcecode.swift; path = Power.swift; sourceTree = "<group>"; };
		F8A1E1C919917B0A009735E2 /* Surge.h */ = {isa = PBXFileReference; fileEncoding = 4; lastKnownFileType = sourcecode.c.h; path = Surge.h; sourceTree = "<group>"; };
		F8A1E1CA19917B0A009735E2 /* Trigonometric.swift */ = {isa = PBXFileReference; fileEncoding = 4; lastKnownFileType = sourcecode.swift; path = Trigonometric.swift; sourceTree = "<group>"; };
		F8A1E1D219917C0B009735E2 /* Accelerate.framework */ = {isa = PBXFileReference; lastKnownFileType = wrapper.framework; name = Accelerate.framework; path = System/Library/Frameworks/Accelerate.framework; sourceTree = SDKROOT; };
		F8A1E1D619917C2B009735E2 /* Foundation.framework */ = {isa = PBXFileReference; lastKnownFileType = wrapper.framework; name = Foundation.framework; path = System/Library/Frameworks/Foundation.framework; sourceTree = SDKROOT; };
		F8AE90FD19D1D9120078C7B2 /* FFT.swift */ = {isa = PBXFileReference; fileEncoding = 4; lastKnownFileType = sourcecode.swift; path = FFT.swift; sourceTree = "<group>"; };
		F8BD5C521A6C1C6400DD357E /* SurgeTests-Bridging-Header.h */ = {isa = PBXFileReference; lastKnownFileType = sourcecode.c.h; path = "SurgeTests-Bridging-Header.h"; sourceTree = "<group>"; };
		F8BD5C531A6C1C6500DD357E /* ArithmeticTests.swift */ = {isa = PBXFileReference; fileEncoding = 4; lastKnownFileType = sourcecode.swift; path = ArithmeticTests.swift; sourceTree = "<group>"; };
		F8BD5C541A6C1C6500DD357E /* AuxiliaryTests.swift */ = {isa = PBXFileReference; fileEncoding = 4; lastKnownFileType = sourcecode.swift; path = AuxiliaryTests.swift; sourceTree = "<group>"; };
		F8BD5C551A6C1C6500DD357E /* ExponentialTests.swift */ = {isa = PBXFileReference; fileEncoding = 4; lastKnownFileType = sourcecode.swift; path = ExponentialTests.swift; sourceTree = "<group>"; };
		F8BD5C561A6C1C6500DD357E /* HyperbolicTests.swift */ = {isa = PBXFileReference; fileEncoding = 4; lastKnownFileType = sourcecode.swift; path = HyperbolicTests.swift; sourceTree = "<group>"; };
		F8BD5C571A6C1C6500DD357E /* TrigonometricTests.swift */ = {isa = PBXFileReference; fileEncoding = 4; lastKnownFileType = sourcecode.swift; path = TrigonometricTests.swift; sourceTree = "<group>"; };
		F8BD5C581A6C1C6500DD357E /* XCTestCase+Surge.swift */ = {isa = PBXFileReference; fileEncoding = 4; lastKnownFileType = sourcecode.swift; path = "XCTestCase+Surge.swift"; sourceTree = "<group>"; };
/* End PBXFileReference section */

/* Begin PBXFrameworksBuildPhase section */
		F84A6AAB19A9A72F007B53E1 /* Frameworks */ = {
			isa = PBXFrameworksBuildPhase;
			buildActionMask = 2147483647;
			files = (
			);
			runOnlyForDeploymentPostprocessing = 0;
		};
		F8A1E1A619917A79009735E2 /* Frameworks */ = {
			isa = PBXFrameworksBuildPhase;
			buildActionMask = 2147483647;
			files = (
				F8A1E1D719917C2B009735E2 /* Foundation.framework in Frameworks */,
				F8A1E1D519917C25009735E2 /* Accelerate.framework in Frameworks */,
			);
			runOnlyForDeploymentPostprocessing = 0;
		};
/* End PBXFrameworksBuildPhase section */

/* Begin PBXGroup section */
		3B38701C1BA20E620022CB6E /* VectorProtocols */ = {
			isa = PBXGroup;
			children = (
				3B8C573A1B9D101200361AF9 /* VectorArithmetic.swift */,
				3B8C573E1B9E5EED00361AF9 /* VectorPower.swift */,
				3B8C57421B9E9C7300361AF9 /* VectorStatistics.swift */,
				3B45C5831B9F899500E310DB /* VectorAuxiliary.swift */,
				3B45C5891B9FC64800E310DB /* VectorOperations.swift */,
				3B3870201BA20EFD0022CB6E /* VectorTrigonometric.swift */,
				3B3870261BA212EB0022CB6E /* VectorFFT.swift */,
				3B38702D1BA217890022CB6E /* VectorExponential.swift */,
				3B8D216F1BA235BE00CE9D1A /* VectorHyperbolic.swift */,
				3B3F1F4E1BB1DCDD00AAE75F /* VectorOther.swift */,
			);
			name = VectorProtocols;
			sourceTree = "<group>";
		};
		3B38701D1BA20E770022CB6E /* FloatingTypeExtensions */ = {
			isa = PBXGroup;
			children = (
				3B8C573C1B9E575200361AF9 /* FloatingTypeArithmeticExtensions.swift */,
				3B8C57401B9E5F6000361AF9 /* FloatingTypePowerExtensions.swift */,
				3B8C57441B9E9F1D00361AF9 /* FloatingTypeStatisticsExtensions.swift */,
				3B45C5851B9FA3E400E310DB /* FloatingTypeAuxiliaryExtensions.swift */,
				3B45C58B1B9FC7B100E310DB /* FloatingTypeOperationsExtensions.swift */,
				3B3870221BA2108C0022CB6E /* FloatingTypeTrigonometricExtensions.swift */,
				3B3870281BA213780022CB6E /* FloatingTypeFFTExtensions.swift */,
				3B38702F1BA218BC0022CB6E /* FloatingTypeExponentialExtensions.swift */,
				3B8D21711BA236C600CE9D1A /* FloatingTypeHyperbolicExtensions.swift */,
				3B3F1F501BB1DD7000AAE75F /* FloatingTypeOtherExtensions.swift */,
			);
			name = FloatingTypeExtensions;
			sourceTree = "<group>";
		};
		3B38701E1BA20E880022CB6E /* ArrayExtensions */ = {
			isa = PBXGroup;
			children = (
				3B45C57F1B9EBC4600E310DB /* ArrayArithmeticExtensions.swift */,
				3B45C5811B9EBD2B00E310DB /* ArrayPowerExtensions.swift */,
				3B45C5871B9FA82D00E310DB /* ArrayAuxiliaryExtensions.swift */,
				3B45C58D1B9FCBA300E310DB /* ArrayOperationsExtensions.swift */,
				3B5F90EF1BA208F30081EDE5 /* ArrayStatisticsExtensions.swift */,
				3B3870241BA212370022CB6E /* ArrayTrigonometricExtensions.swift */,
				3B38702A1BA215A10022CB6E /* ArrayFFTExtensions.swift */,
				3B3870311BA219BE0022CB6E /* ArrayExponentialExtensions.swift */,
				3B8D21731BA2379400CE9D1A /* ArrayHyperbolicExtensions.swift */,
				3B3F1F521BB1DEC000AAE75F /* ArrayOtherExtensions.swift */,
			);
			name = ArrayExtensions;
			sourceTree = "<group>";
		};
		3B38701F1BA20EB90022CB6E /* Done */ = {
			isa = PBXGroup;
			children = (
				F8A1E1C519917B0A009735E2 /* Auxiliary.swift */,
				F8A1E1C819917B0A009735E2 /* Power.swift */,
				F8A1E1CA19917B0A009735E2 /* Trigonometric.swift */,
				F8AE90FD19D1D9120078C7B2 /* FFT.swift */,
				F8A1E1C619917B0A009735E2 /* Exponential.swift */,
				F8A1E1C719917B0A009735E2 /* Hyperbolic.swift */,
				F8A1E1C419917B0A009735E2 /* Arithmetic.swift */,
			);
			name = Done;
			sourceTree = "<group>";
		};
		3B3F1F541BB1E05F00AAE75F /* DoubleConvertible */ = {
			isa = PBXGroup;
			children = (
				3B3F1F551BB1E06F00AAE75F /* File.swift */,
			);
			name = DoubleConvertible;
			sourceTree = "<group>";
		};
		3BC4646C1BB4DDCF004A2E81 /* TestExtensions */ = {
			isa = PBXGroup;
			children = (
				F8BD5C581A6C1C6500DD357E /* XCTestCase+Surge.swift */,
				3BC4646E1BB4DE11004A2E81 /* FloatingTypeTestExtensions.swift */,
			);
			name = TestExtensions;
			sourceTree = "<group>";
		};
		3BC464711BB4DE5A004A2E81 /* Protocols */ = {
			isa = PBXGroup;
			children = (
				3BC464721BB4DE62004A2E81 /* OperandTestProtocols */,
				3BC464771BB4DF78004A2E81 /* RandomDataTest.swift */,
				3BC464791BB4E0B6004A2E81 /* ReductionTest.swift */,
			);
			name = Protocols;
			sourceTree = "<group>";
		};
		3BC464721BB4DE62004A2E81 /* OperandTestProtocols */ = {
			isa = PBXGroup;
			children = (
				3BC464731BB4DEA8004A2E81 /* SingleOperandTest.swift */,
				3BC464751BB4DED2004A2E81 /* DoubleOperandTest.swift */,
			);
			name = OperandTestProtocols;
			sourceTree = "<group>";
		};
		F84A6AAF19A9A72F007B53E1 /* Tests */ = {
			isa = PBXGroup;
			children = (
				3BC464711BB4DE5A004A2E81 /* Protocols */,
				3BC4646C1BB4DDCF004A2E81 /* TestExtensions */,
				F8BD5C531A6C1C6500DD357E /* ArithmeticTests.swift */,
				F8BD5C541A6C1C6500DD357E /* AuxiliaryTests.swift */,
				F8BD5C551A6C1C6500DD357E /* ExponentialTests.swift */,
				F8BD5C561A6C1C6500DD357E /* HyperbolicTests.swift */,
				F8BD5C571A6C1C6500DD357E /* TrigonometricTests.swift */,
				F84A6AB019A9A72F007B53E1 /* Supporting Files */,
				F8BD5C521A6C1C6400DD357E /* SurgeTests-Bridging-Header.h */,
				3BC4647B1BB4E8D5004A2E81 /* StatisticsTests.swift */,
				3B851F891BB4FC5D0012A5D1 /* PowerTests.swift */,
				3B0643E71BB5B5C500EA9001 /* OperationsTests.swift */,
				3BC02D921BB5C3E600815D52 /* OtherTests.swift */,
			);
			path = Tests;
			sourceTree = "<group>";
		};
		F84A6AB019A9A72F007B53E1 /* Supporting Files */ = {
			isa = PBXGroup;
			children = (
				F84A6AB119A9A72F007B53E1 /* Info.plist */,
			);
			name = "Supporting Files";
			sourceTree = "<group>";
		};
		F8A1E1A019917A79009735E2 = {
			isa = PBXGroup;
			children = (
				F8A1E1AC19917A79009735E2 /* Source */,
				F84A6AAF19A9A72F007B53E1 /* Tests */,
				F8A1E1D419917C17009735E2 /* Frameworks */,
				F8A1E1AB19917A79009735E2 /* Products */,
			);
			sourceTree = "<group>";
		};
		F8A1E1AB19917A79009735E2 /* Products */ = {
			isa = PBXGroup;
			children = (
				F8A1E1AA19917A79009735E2 /* Surge.framework */,
				F84A6AAE19A9A72F007B53E1 /* SurgeTests.xctest */,
			);
			name = Products;
			sourceTree = "<group>";
		};
		F8A1E1AC19917A79009735E2 /* Source */ = {
			isa = PBXGroup;
			children = (
				F8A1E1C319917B0A009735E2 /* Source */,
				F8A1E1AD19917A79009735E2 /* Supporting Files */,
			);
			name = Source;
			path = Surge;
			sourceTree = "<group>";
		};
		F8A1E1AD19917A79009735E2 /* Supporting Files */ = {
			isa = PBXGroup;
			children = (
				F8A1E1AE19917A79009735E2 /* Info.plist */,
			);
			path = "Supporting Files";
			sourceTree = "<group>";
		};
		F8A1E1C319917B0A009735E2 /* Source */ = {
			isa = PBXGroup;
			children = (
				3B3F1F541BB1E05F00AAE75F /* DoubleConvertible */,
				3B38701F1BA20EB90022CB6E /* Done */,
				3B38701E1BA20E880022CB6E /* ArrayExtensions */,
				3B38701D1BA20E770022CB6E /* FloatingTypeExtensions */,
				3B38701C1BA20E620022CB6E /* VectorProtocols */,
				F8A1E1C919917B0A009735E2 /* Surge.h */,
				E65C5BE319FF9CF600149FF1 /* Matrix.swift */,
			);
			path = Source;
			sourceTree = SOURCE_ROOT;
		};
		F8A1E1D419917C17009735E2 /* Frameworks */ = {
			isa = PBXGroup;
			children = (
				F8A1E1D619917C2B009735E2 /* Foundation.framework */,
				F8A1E1D219917C0B009735E2 /* Accelerate.framework */,
			);
			name = Frameworks;
			path = "Surge/Supporting Files";
			sourceTree = "<group>";
		};
/* End PBXGroup section */

/* Begin PBXHeadersBuildPhase section */
		F8A1E1A719917A79009735E2 /* Headers */ = {
			isa = PBXHeadersBuildPhase;
			buildActionMask = 2147483647;
			files = (
				F8A1E1D019917B0A009735E2 /* Surge.h in Headers */,
			);
			runOnlyForDeploymentPostprocessing = 0;
		};
/* End PBXHeadersBuildPhase section */

/* Begin PBXNativeTarget section */
		F84A6AAD19A9A72F007B53E1 /* SurgeTests */ = {
			isa = PBXNativeTarget;
			buildConfigurationList = F84A6AB419A9A72F007B53E1 /* Build configuration list for PBXNativeTarget "SurgeTests" */;
			buildPhases = (
				F84A6AAA19A9A72F007B53E1 /* Sources */,
				F84A6AAB19A9A72F007B53E1 /* Frameworks */,
				F84A6AAC19A9A72F007B53E1 /* Resources */,
			);
			buildRules = (
			);
			dependencies = (
				F84A6AB819A9A771007B53E1 /* PBXTargetDependency */,
			);
			name = SurgeTests;
			productName = SurgeTests;
			productReference = F84A6AAE19A9A72F007B53E1 /* SurgeTests.xctest */;
			productType = "com.apple.product-type.bundle.unit-test";
		};
		F8A1E1A919917A79009735E2 /* Surge */ = {
			isa = PBXNativeTarget;
			buildConfigurationList = F8A1E1BD19917A79009735E2 /* Build configuration list for PBXNativeTarget "Surge" */;
			buildPhases = (
				F8A1E1A519917A79009735E2 /* Sources */,
				F8A1E1A619917A79009735E2 /* Frameworks */,
				F8A1E1A719917A79009735E2 /* Headers */,
				F8A1E1A819917A79009735E2 /* Resources */,
			);
			buildRules = (
			);
			dependencies = (
			);
			name = Surge;
			productName = Surge;
			productReference = F8A1E1AA19917A79009735E2 /* Surge.framework */;
			productType = "com.apple.product-type.framework";
		};
/* End PBXNativeTarget section */

/* Begin PBXProject section */
		F8A1E1A119917A79009735E2 /* Project object */ = {
			isa = PBXProject;
			attributes = {
				LastSwiftMigration = 0700;
				LastSwiftUpdateCheck = 0700;
				LastUpgradeCheck = 0700;
				ORGANIZATIONNAME = "Mattt Thompson";
				TargetAttributes = {
					F84A6AAD19A9A72F007B53E1 = {
						CreatedOnToolsVersion = 6.0;
					};
					F8A1E1A919917A79009735E2 = {
						CreatedOnToolsVersion = 6.0;
					};
				};
			};
			buildConfigurationList = F8A1E1A419917A79009735E2 /* Build configuration list for PBXProject "Surge" */;
			compatibilityVersion = "Xcode 3.2";
			developmentRegion = English;
			hasScannedForEncodings = 0;
			knownRegions = (
				en,
			);
			mainGroup = F8A1E1A019917A79009735E2;
			productRefGroup = F8A1E1AB19917A79009735E2 /* Products */;
			projectDirPath = "";
			projectRoot = "";
			targets = (
				F8A1E1A919917A79009735E2 /* Surge */,
				F84A6AAD19A9A72F007B53E1 /* SurgeTests */,
			);
		};
/* End PBXProject section */

/* Begin PBXResourcesBuildPhase section */
		F84A6AAC19A9A72F007B53E1 /* Resources */ = {
			isa = PBXResourcesBuildPhase;
			buildActionMask = 2147483647;
			files = (
			);
			runOnlyForDeploymentPostprocessing = 0;
		};
		F8A1E1A819917A79009735E2 /* Resources */ = {
			isa = PBXResourcesBuildPhase;
			buildActionMask = 2147483647;
			files = (
			);
			runOnlyForDeploymentPostprocessing = 0;
		};
/* End PBXResourcesBuildPhase section */

/* Begin PBXSourcesBuildPhase section */
		F84A6AAA19A9A72F007B53E1 /* Sources */ = {
			isa = PBXSourcesBuildPhase;
			buildActionMask = 2147483647;
			files = (
				3BC464781BB4DF78004A2E81 /* RandomDataTest.swift in Sources */,
				3BC464761BB4DED2004A2E81 /* DoubleOperandTest.swift in Sources */,
				F8BD5C5C1A6C1C6500DD357E /* HyperbolicTests.swift in Sources */,
				3BC4647A1BB4E0B6004A2E81 /* ReductionTest.swift in Sources */,
				F8BD5C5A1A6C1C6500DD357E /* AuxiliaryTests.swift in Sources */,
				3B0643E81BB5B5C500EA9001 /* OperationsTests.swift in Sources */,
				3BC02D931BB5C3E600815D52 /* OtherTests.swift in Sources */,
				3BC464701BB4DE3C004A2E81 /* FloatingTypeTestExtensions.swift in Sources */,
				F8BD5C5D1A6C1C6500DD357E /* TrigonometricTests.swift in Sources */,
				3BC464741BB4DEA8004A2E81 /* SingleOperandTest.swift in Sources */,
				3B851F8A1BB4FC5D0012A5D1 /* PowerTests.swift in Sources */,
				F8BD5C5E1A6C1C6500DD357E /* XCTestCase+Surge.swift in Sources */,
				F8BD5C591A6C1C6500DD357E /* ArithmeticTests.swift in Sources */,
				3BC4647C1BB4E8D5004A2E81 /* StatisticsTests.swift in Sources */,
				F8BD5C5B1A6C1C6500DD357E /* ExponentialTests.swift in Sources */,
			);
			runOnlyForDeploymentPostprocessing = 0;
		};
		F8A1E1A519917A79009735E2 /* Sources */ = {
			isa = PBXSourcesBuildPhase;
			buildActionMask = 2147483647;
			files = (
				3B8C573B1B9D101200361AF9 /* VectorArithmetic.swift in Sources */,
				3B3F1F511BB1DD7000AAE75F /* FloatingTypeOtherExtensions.swift in Sources */,
				3B45C5821B9EBD2B00E310DB /* ArrayPowerExtensions.swift in Sources */,
				3B3870321BA219BE0022CB6E /* ArrayExponentialExtensions.swift in Sources */,
				3B45C5841B9F899500E310DB /* VectorAuxiliary.swift in Sources */,
				3B8C57411B9E5F6000361AF9 /* FloatingTypePowerExtensions.swift in Sources */,
				3B45C5861B9FA3E400E310DB /* FloatingTypeAuxiliaryExtensions.swift in Sources */,
				3B45C58E1B9FCBA300E310DB /* ArrayOperationsExtensions.swift in Sources */,
				3B8D21741BA2379400CE9D1A /* ArrayHyperbolicExtensions.swift in Sources */,
				F8A1E1D119917B0A009735E2 /* Trigonometric.swift in Sources */,
				3B3F1F561BB1E06F00AAE75F /* File.swift in Sources */,
				F8A1E1CE19917B0A009735E2 /* Hyperbolic.swift in Sources */,
				3B3870291BA213780022CB6E /* FloatingTypeFFTExtensions.swift in Sources */,
				3B8C573F1B9E5EED00361AF9 /* VectorPower.swift in Sources */,
				3B3870231BA2108C0022CB6E /* FloatingTypeTrigonometricExtensions.swift in Sources */,
				3B3F1F531BB1DEC000AAE75F /* ArrayOtherExtensions.swift in Sources */,
				3B45C58A1B9FC64800E310DB /* VectorOperations.swift in Sources */,
				3B5F90F01BA208F30081EDE5 /* ArrayStatisticsExtensions.swift in Sources */,
				F8A1E1CC19917B0A009735E2 /* Auxiliary.swift in Sources */,
				3B8C57431B9E9C7300361AF9 /* VectorStatistics.swift in Sources */,
				3B8D21721BA236C600CE9D1A /* FloatingTypeHyperbolicExtensions.swift in Sources */,
				3B3870271BA212EB0022CB6E /* VectorFFT.swift in Sources */,
				3B3870251BA212370022CB6E /* ArrayTrigonometricExtensions.swift in Sources */,
				3B45C5881B9FA82D00E310DB /* ArrayAuxiliaryExtensions.swift in Sources */,
				F8A1E1CF19917B0A009735E2 /* Power.swift in Sources */,
				E65C5BE419FF9CF600149FF1 /* Matrix.swift in Sources */,
				3B8D21701BA235BE00CE9D1A /* VectorHyperbolic.swift in Sources */,
				F8AE90FE19D1D9120078C7B2 /* FFT.swift in Sources */,
				3B3F1F4F1BB1DCDD00AAE75F /* VectorOther.swift in Sources */,
				F8A1E1CD19917B0A009735E2 /* Exponential.swift in Sources */,
				F8A1E1CB19917B0A009735E2 /* Arithmetic.swift in Sources */,
				3B45C5801B9EBC4600E310DB /* ArrayArithmeticExtensions.swift in Sources */,
				3B38702B1BA215A10022CB6E /* ArrayFFTExtensions.swift in Sources */,
				3B38702E1BA217890022CB6E /* VectorExponential.swift in Sources */,
				3B8C57451B9E9F1D00361AF9 /* FloatingTypeStatisticsExtensions.swift in Sources */,
				3B3870211BA20EFD0022CB6E /* VectorTrigonometric.swift in Sources */,
				3B3870301BA218BC0022CB6E /* FloatingTypeExponentialExtensions.swift in Sources */,
				3B45C58C1B9FC7B100E310DB /* FloatingTypeOperationsExtensions.swift in Sources */,
				3B8C573D1B9E575200361AF9 /* FloatingTypeArithmeticExtensions.swift in Sources */,
			);
			runOnlyForDeploymentPostprocessing = 0;
		};
/* End PBXSourcesBuildPhase section */

/* Begin PBXTargetDependency section */
		F84A6AB819A9A771007B53E1 /* PBXTargetDependency */ = {
			isa = PBXTargetDependency;
			target = F8A1E1A919917A79009735E2 /* Surge */;
			targetProxy = F84A6AB719A9A771007B53E1 /* PBXContainerItemProxy */;
		};
/* End PBXTargetDependency section */

/* Begin XCBuildConfiguration section */
		F84A6AB519A9A72F007B53E1 /* Debug */ = {
			isa = XCBuildConfiguration;
			buildSettings = {
				CLANG_ENABLE_MODULES = YES;
				GCC_PREPROCESSOR_DEFINITIONS = (
					"DEBUG=1",
					"$(inherited)",
				);
				INFOPLIST_FILE = Tests/Info.plist;
				LD_RUNPATH_SEARCH_PATHS = "$(inherited) @executable_path/Frameworks @loader_path/Frameworks";
				PRODUCT_BUNDLE_IDENTIFIER = "com.mattt.$(PRODUCT_NAME:rfc1034identifier)";
				PRODUCT_NAME = "$(TARGET_NAME)";
				SWIFT_OBJC_BRIDGING_HEADER = "Tests/SurgeTests-Bridging-Header.h";
				SWIFT_OPTIMIZATION_LEVEL = "-Onone";
			};
			name = Debug;
		};
		F84A6AB619A9A72F007B53E1 /* Release */ = {
			isa = XCBuildConfiguration;
			buildSettings = {
				CLANG_ENABLE_MODULES = YES;
				INFOPLIST_FILE = Tests/Info.plist;
				LD_RUNPATH_SEARCH_PATHS = "$(inherited) @executable_path/Frameworks @loader_path/Frameworks";
				PRODUCT_BUNDLE_IDENTIFIER = "com.mattt.$(PRODUCT_NAME:rfc1034identifier)";
				PRODUCT_NAME = "$(TARGET_NAME)";
				SWIFT_OBJC_BRIDGING_HEADER = "Tests/SurgeTests-Bridging-Header.h";
			};
			name = Release;
		};
		F8A1E1BB19917A79009735E2 /* Debug */ = {
			isa = XCBuildConfiguration;
			buildSettings = {
				ALWAYS_SEARCH_USER_PATHS = NO;
				CLANG_CXX_LANGUAGE_STANDARD = "gnu++0x";
				CLANG_CXX_LIBRARY = "libc++";
				CLANG_ENABLE_MODULES = YES;
				CLANG_ENABLE_OBJC_ARC = YES;
				CLANG_WARN_BOOL_CONVERSION = YES;
				CLANG_WARN_CONSTANT_CONVERSION = YES;
				CLANG_WARN_DIRECT_OBJC_ISA_USAGE = YES_ERROR;
				CLANG_WARN_EMPTY_BODY = YES;
				CLANG_WARN_ENUM_CONVERSION = YES;
				CLANG_WARN_INT_CONVERSION = YES;
				CLANG_WARN_OBJC_ROOT_CLASS = YES_ERROR;
				CLANG_WARN_UNREACHABLE_CODE = YES;
				CLANG_WARN__DUPLICATE_METHOD_MATCH = YES;
				"CODE_SIGN_IDENTITY[sdk=iphoneos*]" = "iPhone Developer";
				COPY_PHASE_STRIP = NO;
				CURRENT_PROJECT_VERSION = 1;
				ENABLE_STRICT_OBJC_MSGSEND = YES;
				ENABLE_TESTABILITY = YES;
				GCC_C_LANGUAGE_STANDARD = gnu99;
				GCC_DYNAMIC_NO_PIC = NO;
				GCC_OPTIMIZATION_LEVEL = 0;
				GCC_PREPROCESSOR_DEFINITIONS = (
					"DEBUG=1",
					"$(inherited)",
				);
				GCC_SYMBOLS_PRIVATE_EXTERN = NO;
				GCC_WARN_64_TO_32_BIT_CONVERSION = YES;
				GCC_WARN_ABOUT_RETURN_TYPE = YES_ERROR;
				GCC_WARN_UNDECLARED_SELECTOR = YES;
				GCC_WARN_UNINITIALIZED_AUTOS = YES_AGGRESSIVE;
				GCC_WARN_UNUSED_FUNCTION = YES;
				GCC_WARN_UNUSED_VARIABLE = YES;
				IPHONEOS_DEPLOYMENT_TARGET = 8.0;
				MTL_ENABLE_DEBUG_INFO = YES;
				ONLY_ACTIVE_ARCH = YES;
				SDKROOT = iphoneos;
				SWIFT_OPTIMIZATION_LEVEL = "-Onone";
				TARGETED_DEVICE_FAMILY = "1,2";
				VERSIONING_SYSTEM = "apple-generic";
				VERSION_INFO_PREFIX = "";
			};
			name = Debug;
		};
		F8A1E1BC19917A79009735E2 /* Release */ = {
			isa = XCBuildConfiguration;
			buildSettings = {
				ALWAYS_SEARCH_USER_PATHS = NO;
				CLANG_CXX_LANGUAGE_STANDARD = "gnu++0x";
				CLANG_CXX_LIBRARY = "libc++";
				CLANG_ENABLE_MODULES = YES;
				CLANG_ENABLE_OBJC_ARC = YES;
				CLANG_WARN_BOOL_CONVERSION = YES;
				CLANG_WARN_CONSTANT_CONVERSION = YES;
				CLANG_WARN_DIRECT_OBJC_ISA_USAGE = YES_ERROR;
				CLANG_WARN_EMPTY_BODY = YES;
				CLANG_WARN_ENUM_CONVERSION = YES;
				CLANG_WARN_INT_CONVERSION = YES;
				CLANG_WARN_OBJC_ROOT_CLASS = YES_ERROR;
				CLANG_WARN_UNREACHABLE_CODE = YES;
				CLANG_WARN__DUPLICATE_METHOD_MATCH = YES;
				"CODE_SIGN_IDENTITY[sdk=iphoneos*]" = "iPhone Developer";
				COPY_PHASE_STRIP = YES;
				CURRENT_PROJECT_VERSION = 1;
				ENABLE_NS_ASSERTIONS = NO;
				ENABLE_STRICT_OBJC_MSGSEND = YES;
				GCC_C_LANGUAGE_STANDARD = gnu99;
				GCC_WARN_64_TO_32_BIT_CONVERSION = YES;
				GCC_WARN_ABOUT_RETURN_TYPE = YES_ERROR;
				GCC_WARN_UNDECLARED_SELECTOR = YES;
				GCC_WARN_UNINITIALIZED_AUTOS = YES_AGGRESSIVE;
				GCC_WARN_UNUSED_FUNCTION = YES;
				GCC_WARN_UNUSED_VARIABLE = YES;
				IPHONEOS_DEPLOYMENT_TARGET = 8.0;
				MTL_ENABLE_DEBUG_INFO = NO;
				SDKROOT = iphoneos;
				TARGETED_DEVICE_FAMILY = "1,2";
				VALIDATE_PRODUCT = YES;
				VERSIONING_SYSTEM = "apple-generic";
				VERSION_INFO_PREFIX = "";
			};
			name = Release;
		};
		F8A1E1BE19917A79009735E2 /* Debug */ = {
			isa = XCBuildConfiguration;
			buildSettings = {
				DEFINES_MODULE = YES;
				DYLIB_COMPATIBILITY_VERSION = 1;
				DYLIB_CURRENT_VERSION = 1;
				DYLIB_INSTALL_NAME_BASE = "@rpath";
				INFOPLIST_FILE = "Supporting Files/Info.plist";
				INSTALL_PATH = "$(LOCAL_LIBRARY_DIR)/Frameworks";
				LD_RUNPATH_SEARCH_PATHS = "$(inherited) @executable_path/Frameworks @loader_path/Frameworks";
				PRODUCT_BUNDLE_IDENTIFIER = "com.mattt.$(PRODUCT_NAME:rfc1034identifier)";
				PRODUCT_NAME = "$(TARGET_NAME)";
				SKIP_INSTALL = YES;
			};
			name = Debug;
		};
		F8A1E1BF19917A79009735E2 /* Release */ = {
			isa = XCBuildConfiguration;
			buildSettings = {
				DEFINES_MODULE = YES;
				DYLIB_COMPATIBILITY_VERSION = 1;
				DYLIB_CURRENT_VERSION = 1;
				DYLIB_INSTALL_NAME_BASE = "@rpath";
				INFOPLIST_FILE = "Supporting Files/Info.plist";
				INSTALL_PATH = "$(LOCAL_LIBRARY_DIR)/Frameworks";
				LD_RUNPATH_SEARCH_PATHS = "$(inherited) @executable_path/Frameworks @loader_path/Frameworks";
				PRODUCT_BUNDLE_IDENTIFIER = "com.mattt.$(PRODUCT_NAME:rfc1034identifier)";
				PRODUCT_NAME = "$(TARGET_NAME)";
				SKIP_INSTALL = YES;
			};
			name = Release;
		};
/* End XCBuildConfiguration section */

/* Begin XCConfigurationList section */
		F84A6AB419A9A72F007B53E1 /* Build configuration list for PBXNativeTarget "SurgeTests" */ = {
			isa = XCConfigurationList;
			buildConfigurations = (
				F84A6AB519A9A72F007B53E1 /* Debug */,
				F84A6AB619A9A72F007B53E1 /* Release */,
			);
			defaultConfigurationIsVisible = 0;
			defaultConfigurationName = Release;
		};
		F8A1E1A419917A79009735E2 /* Build configuration list for PBXProject "Surge" */ = {
			isa = XCConfigurationList;
			buildConfigurations = (
				F8A1E1BB19917A79009735E2 /* Debug */,
				F8A1E1BC19917A79009735E2 /* Release */,
			);
			defaultConfigurationIsVisible = 0;
			defaultConfigurationName = Release;
		};
		F8A1E1BD19917A79009735E2 /* Build configuration list for PBXNativeTarget "Surge" */ = {
			isa = XCConfigurationList;
			buildConfigurations = (
				F8A1E1BE19917A79009735E2 /* Debug */,
				F8A1E1BF19917A79009735E2 /* Release */,
			);
			defaultConfigurationIsVisible = 0;
			defaultConfigurationName = Release;
		};
/* End XCConfigurationList section */
	};
	rootObject = F8A1E1A119917A79009735E2 /* Project object */;
}
